Microsoft Visual Studio Solution File, Format Version 11.00
# Visual Studio 2008

Project("{0C1D3A08-C7E1-E544-C93C-60058EE9E01F}") = "Unity_village_TD", "Assembly-CSharp.csproj", "{AAE4AC30-B378-9165-EF6F-5083503B32A4}"
EndProject
Global
	GlobalSection(SolutionConfigurationPlatforms) = preSolution
		Debug|Any CPU = Debug|Any CPU
		Release|Any CPU = Release|Any CPU
	EndGlobalSection
	GlobalSection(ProjectConfigurationPlatforms) = postSolution
		{AAE4AC30-B378-9165-EF6F-5083503B32A4}.Debug|Any CPU.ActiveCfg = Debug|Any CPU
		{AAE4AC30-B378-9165-EF6F-5083503B32A4}.Debug|Any CPU.Build.0 = Debug|Any CPU
		{AAE4AC30-B378-9165-EF6F-5083503B32A4}.Release|Any CPU.ActiveCfg = Release|Any CPU
		{AAE4AC30-B378-9165-EF6F-5083503B32A4}.Release|Any CPU.Build.0 = Release|Any CPU
	EndGlobalSection
	GlobalSection(SolutionProperties) = preSolution
		HideSolutionNode = FALSE
	EndGlobalSection
			GlobalSection(MonoDevelopProperties) = preSolution
		StartupItem = Assembly-CSharp.csproj
		Policies = $0
		$0.TextStylePolicy = $1
		$1.inheritsSet = null
		$1.scope = text/x-csharp
		$0.CSharpFormattingPolicy = $2
		$2.inheritsSet = Mono
		$2.inheritsScope = text/x-csharp
		$2.scope = text/x-csharp
		$0.TextStylePolicy = $3
		$3.FileWidth = 120
		$3.TabWidth = 4
		$3.IndentWidth = 4
		$3.EolMarker = Unix
		$3.inheritsSet = Mono
		$3.inheritsScope = text/plain
		$3.scope = text/plain
	EndGlobalSection

EndGlobal
