
Microsoft Visual Studio Solution File, Format Version 12.00
# Visual Studio 2015
Project("{FAE04EC0-301F-11D3-BF4B-00C04F79EFBC}") = "Village_TD_Unity.CSharp", "Village_TD_Unity.CSharp.csproj", "{A2090449-51EC-9DFE-2890-488F8BD45383}"
EndProject
Global
	GlobalSection(SolutionConfigurationPlatforms) = preSolution
		Debug|Any CPU = Debug|Any CPU
		Release|Any CPU = Release|Any CPU
	EndGlobalSection
	GlobalSection(ProjectConfigurationPlatforms) = postSolution
		{A2090449-51EC-9DFE-2890-488F8BD45383}.Debug|Any CPU.ActiveCfg = Debug|Any CPU
		{A2090449-51EC-9DFE-2890-488F8BD45383}.Debug|Any CPU.Build.0 = Debug|Any CPU
		{A2090449-51EC-9DFE-2890-488F8BD45383}.Release|Any CPU.ActiveCfg = Release|Any CPU
		{A2090449-51EC-9DFE-2890-488F8BD45383}.Release|Any CPU.Build.0 = Release|Any CPU
	EndGlobalSection
	GlobalSection(SolutionProperties) = preSolution
		HideSolutionNode = FALSE
	EndGlobalSection
EndGlobal
